
Microsoft Visual Studio Solution File, Format Version 12.00
# Visual Studio Version 17
VisualStudioVersion = 17.3.32804.467
MinimumVisualStudioVersion = 10.0.40219.1
Project("{FAE04EC0-301F-11D3-BF4B-00C04F79EFBC}") = "CalculatorAPI", "CalculatorService\CalculatorAPI.csproj", "{8F30D3BA-0EF7-46B8-8678-AC8FB839C3F7}"
EndProject
Project("{FAE04EC0-301F-11D3-BF4B-00C04F79EFBC}") = "CalculatorUnitTests", "CalculatorUnitTests\CalculatorUnitTests.csproj", "{2E35D201-D385-4B6E-8F8F-224B196E079D}"
EndProject
Project("{FAE04EC0-301F-11D3-BF4B-00C04F79EFBC}") = "Services", "Services\Services.csproj", "{0E8CA8D5-5EF2-4855-BDC2-5103BF8DD99F}"
EndProject
Global
	GlobalSection(SolutionConfigurationPlatforms) = preSolution
		Debug|Any CPU = Debug|Any CPU
		Release|Any CPU = Release|Any CPU
	EndGlobalSection
	GlobalSection(ProjectConfigurationPlatforms) = postSolution
		{8F30D3BA-0EF7-46B8-8678-AC8FB839C3F7}.Debug|Any CPU.ActiveCfg = Debug|Any CPU
		{8F30D3BA-0EF7-46B8-8678-AC8FB839C3F7}.Debug|Any CPU.Build.0 = Debug|Any CPU
		{8F30D3BA-0EF7-46B8-8678-AC8FB839C3F7}.Release|Any CPU.ActiveCfg = Release|Any CPU
		{8F30D3BA-0EF7-46B8-8678-AC8FB839C3F7}.Release|Any CPU.Build.0 = Release|Any CPU
		{2E35D201-D385-4B6E-8F8F-224B196E079D}.Debug|Any CPU.ActiveCfg = Debug|Any CPU
		{2E35D201-D385-4B6E-8F8F-224B196E079D}.Debug|Any CPU.Build.0 = Debug|Any CPU
		{2E35D201-D385-4B6E-8F8F-224B196E079D}.Release|Any CPU.ActiveCfg = Release|Any CPU
		{2E35D201-D385-4B6E-8F8F-224B196E079D}.Release|Any CPU.Build.0 = Release|Any CPU
		{0E8CA8D5-5EF2-4855-BDC2-5103BF8DD99F}.Debug|Any CPU.ActiveCfg = Debug|Any CPU
		{0E8CA8D5-5EF2-4855-BDC2-5103BF8DD99F}.Debug|Any CPU.Build.0 = Debug|Any CPU
		{0E8CA8D5-5EF2-4855-BDC2-5103BF8DD99F}.Release|Any CPU.ActiveCfg = Release|Any CPU
		{0E8CA8D5-5EF2-4855-BDC2-5103BF8DD99F}.Release|Any CPU.Build.0 = Release|Any CPU
	EndGlobalSection
	GlobalSection(SolutionProperties) = preSolution
		HideSolutionNode = FALSE
	EndGlobalSection
	GlobalSection(ExtensibilityGlobals) = postSolution
		SolutionGuid = {91DBD96F-623D-43AA-91E7-F966676A0350}
	EndGlobalSection
EndGlobal
